// !$*UTF8*$!
{
	archiveVersion = 1;
	classes = {
	};
	objectVersion = 56;
	objects = {

/* Begin PBXBuildFile section */
		3E486AD2A3E9CB55CA5D3D9F /* Pods_Simpy_Note.framework in Frameworks */ = {isa = PBXBuildFile; fileRef = 7984A8383A3BB8FA5DD8E1B3 /* Pods_Simpy_Note.framework */; };
		F725E31B29BDB6B3006489DC /* AppDelegate.swift in Sources */ = {isa = PBXBuildFile; fileRef = F725E31A29BDB6B3006489DC /* AppDelegate.swift */; };
		F725E31D29BDB6B3006489DC /* SceneDelegate.swift in Sources */ = {isa = PBXBuildFile; fileRef = F725E31C29BDB6B3006489DC /* SceneDelegate.swift */; };
		F725E31F29BDB6B3006489DC /* NoteViewController.swift in Sources */ = {isa = PBXBuildFile; fileRef = F725E31E29BDB6B3006489DC /* NoteViewController.swift */; };
		F725E32229BDB6B3006489DC /* Main.storyboard in Resources */ = {isa = PBXBuildFile; fileRef = F725E32029BDB6B3006489DC /* Main.storyboard */; };
		F725E32529BDB6B3006489DC /* Simpy_Note.xcdatamodeld in Sources */ = {isa = PBXBuildFile; fileRef = F725E32329BDB6B3006489DC /* Simpy_Note.xcdatamodeld */; };
		F725E32729BDB6B4006489DC /* Assets.xcassets in Resources */ = {isa = PBXBuildFile; fileRef = F725E32629BDB6B4006489DC /* Assets.xcassets */; };
		F725E32A29BDB6B4006489DC /* LaunchScreen.storyboard in Resources */ = {isa = PBXBuildFile; fileRef = F725E32829BDB6B4006489DC /* LaunchScreen.storyboard */; };
		F725E33329BDBA17006489DC /* TaskViewController.swift in Sources */ = {isa = PBXBuildFile; fileRef = F725E33229BDBA17006489DC /* TaskViewController.swift */; };
		F725E33829BDBDAF006489DC /* NoteTableViewCell.swift in Sources */ = {isa = PBXBuildFile; fileRef = F725E33629BDBDAF006489DC /* NoteTableViewCell.swift */; };
		F725E33929BDBDAF006489DC /* NoteTableViewCell.xib in Resources */ = {isa = PBXBuildFile; fileRef = F725E33729BDBDAF006489DC /* NoteTableViewCell.xib */; };
/* End PBXBuildFile section */

/* Begin PBXFileReference section */
		7984A8383A3BB8FA5DD8E1B3 /* Pods_Simpy_Note.framework */ = {isa = PBXFileReference; explicitFileType = wrapper.framework; includeInIndex = 0; path = Pods_Simpy_Note.framework; sourceTree = BUILT_PRODUCTS_DIR; };
		8794AABDF0D682CE7ED22E8F /* Pods-Simpy Note.release.xcconfig */ = {isa = PBXFileReference; includeInIndex = 1; lastKnownFileType = text.xcconfig; name = "Pods-Simpy Note.release.xcconfig"; path = "Target Support Files/Pods-Simpy Note/Pods-Simpy Note.release.xcconfig"; sourceTree = "<group>"; };
		F6F50110833835F2C8017816 /* Pods-Simpy Note.debug.xcconfig */ = {isa = PBXFileReference; includeInIndex = 1; lastKnownFileType = text.xcconfig; name = "Pods-Simpy Note.debug.xcconfig"; path = "Target Support Files/Pods-Simpy Note/Pods-Simpy Note.debug.xcconfig"; sourceTree = "<group>"; };
		F725E31729BDB6B3006489DC /* Simpy Note.app */ = {isa = PBXFileReference; explicitFileType = wrapper.application; includeInIndex = 0; path = "Simpy Note.app"; sourceTree = BUILT_PRODUCTS_DIR; };
		F725E31A29BDB6B3006489DC /* AppDelegate.swift */ = {isa = PBXFileReference; lastKnownFileType = sourcecode.swift; path = AppDelegate.swift; sourceTree = "<group>"; };
		F725E31C29BDB6B3006489DC /* SceneDelegate.swift */ = {isa = PBXFileReference; lastKnownFileType = sourcecode.swift; path = SceneDelegate.swift; sourceTree = "<group>"; };
		F725E31E29BDB6B3006489DC /* NoteViewController.swift */ = {isa = PBXFileReference; lastKnownFileType = sourcecode.swift; path = NoteViewController.swift; sourceTree = "<group>"; };
		F725E32129BDB6B3006489DC /* Base */ = {isa = PBXFileReference; lastKnownFileType = file.storyboard; name = Base; path = Base.lproj/Main.storyboard; sourceTree = "<group>"; };
		F725E32429BDB6B3006489DC /* Simpy_Note.xcdatamodel */ = {isa = PBXFileReference; lastKnownFileType = wrapper.xcdatamodel; path = Simpy_Note.xcdatamodel; sourceTree = "<group>"; };
		F725E32629BDB6B4006489DC /* Assets.xcassets */ = {isa = PBXFileReference; lastKnownFileType = folder.assetcatalog; path = Assets.xcassets; sourceTree = "<group>"; };
		F725E32929BDB6B4006489DC /* Base */ = {isa = PBXFileReference; lastKnownFileType = file.storyboard; name = Base; path = Base.lproj/LaunchScreen.storyboard; sourceTree = "<group>"; };
		F725E32B29BDB6B4006489DC /* Info.plist */ = {isa = PBXFileReference; lastKnownFileType = text.plist.xml; path = Info.plist; sourceTree = "<group>"; };
		F725E33229BDBA17006489DC /* TaskViewController.swift */ = {isa = PBXFileReference; lastKnownFileType = sourcecode.swift; path = TaskViewController.swift; sourceTree = "<group>"; };
		F725E33629BDBDAF006489DC /* NoteTableViewCell.swift */ = {isa = PBXFileReference; lastKnownFileType = sourcecode.swift; path = NoteTableViewCell.swift; sourceTree = "<group>"; };
		F725E33729BDBDAF006489DC /* NoteTableViewCell.xib */ = {isa = PBXFileReference; lastKnownFileType = file.xib; path = NoteTableViewCell.xib; sourceTree = "<group>"; };
/* End PBXFileReference section */

/* Begin PBXFrameworksBuildPhase section */
		F725E31429BDB6B3006489DC /* Frameworks */ = {
			isa = PBXFrameworksBuildPhase;
			buildActionMask = 2147483647;
			files = (
				3E486AD2A3E9CB55CA5D3D9F /* Pods_Simpy_Note.framework in Frameworks */,
			);
			runOnlyForDeploymentPostprocessing = 0;
		};
/* End PBXFrameworksBuildPhase section */

/* Begin PBXGroup section */
		2A9E301BBA82E61A3EC391C3 /* Frameworks */ = {
			isa = PBXGroup;
			children = (
				7984A8383A3BB8FA5DD8E1B3 /* Pods_Simpy_Note.framework */,
			);
			name = Frameworks;
			sourceTree = "<group>";
		};
		C06C33AC76478E2D0E652A98 /* Pods */ = {
			isa = PBXGroup;
			children = (
				F6F50110833835F2C8017816 /* Pods-Simpy Note.debug.xcconfig */,
				8794AABDF0D682CE7ED22E8F /* Pods-Simpy Note.release.xcconfig */,
			);
			path = Pods;
			sourceTree = "<group>";
		};
		F725E30E29BDB6B3006489DC = {
			isa = PBXGroup;
			children = (
				F725E31929BDB6B3006489DC /* Simpy Note */,
				F725E31829BDB6B3006489DC /* Products */,
				C06C33AC76478E2D0E652A98 /* Pods */,
				2A9E301BBA82E61A3EC391C3 /* Frameworks */,
			);
			sourceTree = "<group>";
		};
		F725E31829BDB6B3006489DC /* Products */ = {
			isa = PBXGroup;
			children = (
				F725E31729BDB6B3006489DC /* Simpy Note.app */,
			);
			name = Products;
			sourceTree = "<group>";
		};
		F725E31929BDB6B3006489DC /* Simpy Note */ = {
			isa = PBXGroup;
			children = (
				F725E31A29BDB6B3006489DC /* AppDelegate.swift */,
				F725E31C29BDB6B3006489DC /* SceneDelegate.swift */,
				F725E33429BDBD86006489DC /* View */,
				F725E33129BDBA00006489DC /* Controller */,
				F725E32029BDB6B3006489DC /* Main.storyboard */,
				F725E32629BDB6B4006489DC /* Assets.xcassets */,
				F725E32829BDB6B4006489DC /* LaunchScreen.storyboard */,
				F725E32B29BDB6B4006489DC /* Info.plist */,
				F725E32329BDB6B3006489DC /* Simpy_Note.xcdatamodeld */,
			);
			path = "Simpy Note";
			sourceTree = "<group>";
		};
		F725E33129BDBA00006489DC /* Controller */ = {
			isa = PBXGroup;
			children = (
				F725E31E29BDB6B3006489DC /* NoteViewController.swift */,
				F725E33229BDBA17006489DC /* TaskViewController.swift */,
			);
			path = Controller;
			sourceTree = "<group>";
		};
		F725E33429BDBD86006489DC /* View */ = {
			isa = PBXGroup;
			children = (
				F725E33629BDBDAF006489DC /* NoteTableViewCell.swift */,
				F725E33729BDBDAF006489DC /* NoteTableViewCell.xib */,
			);
			path = View;
			sourceTree = "<group>";
		};
/* End PBXGroup section */

/* Begin PBXNativeTarget section */
		F725E31629BDB6B3006489DC /* Simpy Note */ = {
			isa = PBXNativeTarget;
			buildConfigurationList = F725E32E29BDB6B4006489DC /* Build configuration list for PBXNativeTarget "Simpy Note" */;
			buildPhases = (
				03EBB705E06E3CB2861E9546 /* [CP] Check Pods Manifest.lock */,
				F725E31329BDB6B3006489DC /* Sources */,
				F725E31429BDB6B3006489DC /* Frameworks */,
				F725E31529BDB6B3006489DC /* Resources */,
				8FFB9E8BE0BB2FD4D188BA29 /* [CP] Embed Pods Frameworks */,
			);
			buildRules = (
			);
			dependencies = (
			);
			name = "Simpy Note";
			productName = "Simpy Note";
			productReference = F725E31729BDB6B3006489DC /* Simpy Note.app */;
			productType = "com.apple.product-type.application";
		};
/* End PBXNativeTarget section */

/* Begin PBXProject section */
		F725E30F29BDB6B3006489DC /* Project object */ = {
			isa = PBXProject;
			attributes = {
				BuildIndependentTargetsInParallel = 1;
				LastSwiftUpdateCheck = 1400;
				LastUpgradeCheck = 1400;
				TargetAttributes = {
					F725E31629BDB6B3006489DC = {
						CreatedOnToolsVersion = 14.0;
					};
				};
			};
			buildConfigurationList = F725E31229BDB6B3006489DC /* Build configuration list for PBXProject "Simpy Note" */;
			compatibilityVersion = "Xcode 14.0";
			developmentRegion = en;
			hasScannedForEncodings = 0;
			knownRegions = (
				en,
				Base,
			);
			mainGroup = F725E30E29BDB6B3006489DC;
			productRefGroup = F725E31829BDB6B3006489DC /* Products */;
			projectDirPath = "";
			projectRoot = "";
			targets = (
				F725E31629BDB6B3006489DC /* Simpy Note */,
			);
		};
/* End PBXProject section */

/* Begin PBXResourcesBuildPhase section */
		F725E31529BDB6B3006489DC /* Resources */ = {
			isa = PBXResourcesBuildPhase;
			buildActionMask = 2147483647;
			files = (
				F725E32A29BDB6B4006489DC /* LaunchScreen.storyboard in Resources */,
				F725E32729BDB6B4006489DC /* Assets.xcassets in Resources */,
				F725E32229BDB6B3006489DC /* Main.storyboard in Resources */,
				F725E33929BDBDAF006489DC /* NoteTableViewCell.xib in Resources */,
			);
			runOnlyForDeploymentPostprocessing = 0;
		};
/* End PBXResourcesBuildPhase section */

/* Begin PBXShellScriptBuildPhase section */
		03EBB705E06E3CB2861E9546 /* [CP] Check Pods Manifest.lock */ = {
			isa = PBXShellScriptBuildPhase;
			buildActionMask = 2147483647;
			files = (
			);
			inputFileListPaths = (
			);
			inputPaths = (
				"${PODS_PODFILE_DIR_PATH}/Podfile.lock",
				"${PODS_ROOT}/Manifest.lock",
			);
			name = "[CP] Check Pods Manifest.lock";
			outputFileListPaths = (
			);
			outputPaths = (
				"$(DERIVED_FILE_DIR)/Pods-Simpy Note-checkManifestLockResult.txt",
			);
			runOnlyForDeploymentPostprocessing = 0;
			shellPath = /bin/sh;
			shellScript = "diff \"${PODS_PODFILE_DIR_PATH}/Podfile.lock\" \"${PODS_ROOT}/Manifest.lock\" > /dev/null\nif [ $? != 0 ] ; then\n    # print error to STDERR\n    echo \"error: The sandbox is not in sync with the Podfile.lock. Run 'pod install' or update your CocoaPods installation.\" >&2\n    exit 1\nfi\n# This output is used by Xcode 'outputs' to avoid re-running this script phase.\necho \"SUCCESS\" > \"${SCRIPT_OUTPUT_FILE_0}\"\n";
			showEnvVarsInLog = 0;
		};
		8FFB9E8BE0BB2FD4D188BA29 /* [CP] Embed Pods Frameworks */ = {
			isa = PBXShellScriptBuildPhase;
			buildActionMask = 2147483647;
			files = (
			);
			inputFileListPaths = (
				"${PODS_ROOT}/Target Support Files/Pods-Simpy Note/Pods-Simpy Note-frameworks-${CONFIGURATION}-input-files.xcfilelist",
			);
			name = "[CP] Embed Pods Frameworks";
			outputFileListPaths = (
				"${PODS_ROOT}/Target Support Files/Pods-Simpy Note/Pods-Simpy Note-frameworks-${CONFIGURATION}-output-files.xcfilelist",
			);
			runOnlyForDeploymentPostprocessing = 0;
			shellPath = /bin/sh;
			shellScript = "\"${PODS_ROOT}/Target Support Files/Pods-Simpy Note/Pods-Simpy Note-frameworks.sh\"\n";
			showEnvVarsInLog = 0;
		};
/* End PBXShellScriptBuildPhase section */

/* Begin PBXSourcesBuildPhase section */
		F725E31329BDB6B3006489DC /* Sources */ = {
			isa = PBXSourcesBuildPhase;
			buildActionMask = 2147483647;
			files = (
				F725E31F29BDB6B3006489DC /* NoteViewController.swift in Sources */,
				F725E31B29BDB6B3006489DC /* AppDelegate.swift in Sources */,
				F725E33329BDBA17006489DC /* TaskViewController.swift in Sources */,
				F725E32529BDB6B3006489DC /* Simpy_Note.xcdatamodeld in Sources */,
				F725E31D29BDB6B3006489DC /* SceneDelegate.swift in Sources */,
				F725E33829BDBDAF006489DC /* NoteTableViewCell.swift in Sources */,
			);
			runOnlyForDeploymentPostprocessing = 0;
		};
/* End PBXSourcesBuildPhase section */

/* Begin PBXVariantGroup section */
		F725E32029BDB6B3006489DC /* Main.storyboard */ = {
			isa = PBXVariantGroup;
			children = (
				F725E32129BDB6B3006489DC /* Base */,
			);
			name = Main.storyboard;
			sourceTree = "<group>";
		};
		F725E32829BDB6B4006489DC /* LaunchScreen.storyboard */ = {
			isa = PBXVariantGroup;
			children = (
				F725E32929BDB6B4006489DC /* Base */,
			);
			name = LaunchScreen.storyboard;
			sourceTree = "<group>";
		};
/* End PBXVariantGroup section */

/* Begin XCBuildConfiguration section */
		F725E32C29BDB6B4006489DC /* Debug */ = {
			isa = XCBuildConfiguration;
			buildSettings = {
				ALWAYS_SEARCH_USER_PATHS = NO;
				CLANG_ANALYZER_NONNULL = YES;
				CLANG_ANALYZER_NUMBER_OBJECT_CONVERSION = YES_AGGRESSIVE;
				CLANG_CXX_LANGUAGE_STANDARD = "gnu++20";
				CLANG_ENABLE_MODULES = YES;
				CLANG_ENABLE_OBJC_ARC = YES;
				CLANG_ENABLE_OBJC_WEAK = YES;
				CLANG_WARN_BLOCK_CAPTURE_AUTORELEASING = YES;
				CLANG_WARN_BOOL_CONVERSION = YES;
				CLANG_WARN_COMMA = YES;
				CLANG_WARN_CONSTANT_CONVERSION = YES;
				CLANG_WARN_DEPRECATED_OBJC_IMPLEMENTATIONS = YES;
				CLANG_WARN_DIRECT_OBJC_ISA_USAGE = YES_ERROR;
				CLANG_WARN_DOCUMENTATION_COMMENTS = YES;
				CLANG_WARN_EMPTY_BODY = YES;
				CLANG_WARN_ENUM_CONVERSION = YES;
				CLANG_WARN_INFINITE_RECURSION = YES;
				CLANG_WARN_INT_CONVERSION = YES;
				CLANG_WARN_NON_LITERAL_NULL_CONVERSION = YES;
				CLANG_WARN_OBJC_IMPLICIT_RETAIN_SELF = YES;
				CLANG_WARN_OBJC_LITERAL_CONVERSION = YES;
				CLANG_WARN_OBJC_ROOT_CLASS = YES_ERROR;
				CLANG_WARN_QUOTED_INCLUDE_IN_FRAMEWORK_HEADER = YES;
				CLANG_WARN_RANGE_LOOP_ANALYSIS = YES;
				CLANG_WARN_STRICT_PROTOTYPES = YES;
				CLANG_WARN_SUSPICIOUS_MOVE = YES;
				CLANG_WARN_UNGUARDED_AVAILABILITY = YES_AGGRESSIVE;
				CLANG_WARN_UNREACHABLE_CODE = YES;
				CLANG_WARN__DUPLICATE_METHOD_MATCH = YES;
				COPY_PHASE_STRIP = NO;
				DEBUG_INFORMATION_FORMAT = dwarf;
				ENABLE_STRICT_OBJC_MSGSEND = YES;
				ENABLE_TESTABILITY = YES;
				GCC_C_LANGUAGE_STANDARD = gnu11;
				GCC_DYNAMIC_NO_PIC = NO;
				GCC_NO_COMMON_BLOCKS = YES;
				GCC_OPTIMIZATION_LEVEL = 0;
				GCC_PREPROCESSOR_DEFINITIONS = (
					"DEBUG=1",
					"$(inherited)",
				);
				GCC_WARN_64_TO_32_BIT_CONVERSION = YES;
				GCC_WARN_ABOUT_RETURN_TYPE = YES_ERROR;
				GCC_WARN_UNDECLARED_SELECTOR = YES;
				GCC_WARN_UNINITIALIZED_AUTOS = YES_AGGRESSIVE;
				GCC_WARN_UNUSED_FUNCTION = YES;
				GCC_WARN_UNUSED_VARIABLE = YES;
				IPHONEOS_DEPLOYMENT_TARGET = 16.0;
				MTL_ENABLE_DEBUG_INFO = INCLUDE_SOURCE;
				MTL_FAST_MATH = YES;
				ONLY_ACTIVE_ARCH = YES;
				SDKROOT = iphoneos;
				SWIFT_ACTIVE_COMPILATION_CONDITIONS = DEBUG;
				SWIFT_OPTIMIZATION_LEVEL = "-Onone";
			};
			name = Debug;
		};
		F725E32D29BDB6B4006489DC /* Release */ = {
			isa = XCBuildConfiguration;
			buildSettings = {
				ALWAYS_SEARCH_USER_PATHS = NO;
				CLANG_ANALYZER_NONNULL = YES;
				CLANG_ANALYZER_NUMBER_OBJECT_CONVERSION = YES_AGGRESSIVE;
				CLANG_CXX_LANGUAGE_STANDARD = "gnu++20";
				CLANG_ENABLE_MODULES = YES;
				CLANG_ENABLE_OBJC_ARC = YES;
				CLANG_ENABLE_OBJC_WEAK = YES;
				CLANG_WARN_BLOCK_CAPTURE_AUTORELEASING = YES;
				CLANG_WARN_BOOL_CONVERSION = YES;
				CLANG_WARN_COMMA = YES;
				CLANG_WARN_CONSTANT_CONVERSION = YES;
				CLANG_WARN_DEPRECATED_OBJC_IMPLEMENTATIONS = YES;
				CLANG_WARN_DIRECT_OBJC_ISA_USAGE = YES_ERROR;
				CLANG_WARN_DOCUMENTATION_COMMENTS = YES;
				CLANG_WARN_EMPTY_BODY = YES;
				CLANG_WARN_ENUM_CONVERSION = YES;
				CLANG_WARN_INFINITE_RECURSION = YES;
				CLANG_WARN_INT_CONVERSION = YES;
				CLANG_WARN_NON_LITERAL_NULL_CONVERSION = YES;
				CLANG_WARN_OBJC_IMPLICIT_RETAIN_SELF = YES;
				CLANG_WARN_OBJC_LITERAL_CONVERSION = YES;
				CLANG_WARN_OBJC_ROOT_CLASS = YES_ERROR;
				CLANG_WARN_QUOTED_INCLUDE_IN_FRAMEWORK_HEADER = YES;
				CLANG_WARN_RANGE_LOOP_ANALYSIS = YES;
				CLANG_WARN_STRICT_PROTOTYPES = YES;
				CLANG_WARN_SUSPICIOUS_MOVE = YES;
				CLANG_WARN_UNGUARDED_AVAILABILITY = YES_AGGRESSIVE;
				CLANG_WARN_UNREACHABLE_CODE = YES;
				CLANG_WARN__DUPLICATE_METHOD_MATCH = YES;
				COPY_PHASE_STRIP = NO;
				DEBUG_INFORMATION_FORMAT = "dwarf-with-dsym";
				ENABLE_NS_ASSERTIONS = NO;
				ENABLE_STRICT_OBJC_MSGSEND = YES;
				GCC_C_LANGUAGE_STANDARD = gnu11;
				GCC_NO_COMMON_BLOCKS = YES;
				GCC_WARN_64_TO_32_BIT_CONVERSION = YES;
				GCC_WARN_ABOUT_RETURN_TYPE = YES_ERROR;
				GCC_WARN_UNDECLARED_SELECTOR = YES;
				GCC_WARN_UNINITIALIZED_AUTOS = YES_AGGRESSIVE;
				GCC_WARN_UNUSED_FUNCTION = YES;
				GCC_WARN_UNUSED_VARIABLE = YES;
				IPHONEOS_DEPLOYMENT_TARGET = 16.0;
				MTL_ENABLE_DEBUG_INFO = NO;
				MTL_FAST_MATH = YES;
				SDKROOT = iphoneos;
				SWIFT_COMPILATION_MODE = wholemodule;
				SWIFT_OPTIMIZATION_LEVEL = "-O";
				VALIDATE_PRODUCT = YES;
			};
			name = Release;
		};
		F725E32F29BDB6B4006489DC /* Debug */ = {
			isa = XCBuildConfiguration;
			baseConfigurationReference = F6F50110833835F2C8017816 /* Pods-Simpy Note.debug.xcconfig */;
			buildSettings = {
				ASSETCATALOG_COMPILER_APPICON_NAME = AppIcon;
				ASSETCATALOG_COMPILER_GLOBAL_ACCENT_COLOR_NAME = AccentColor;
				CODE_SIGN_STYLE = Automatic;
				CURRENT_PROJECT_VERSION = 1;
				DEVELOPMENT_TEAM = 26823257QR;
				GENERATE_INFOPLIST_FILE = YES;
				INFOPLIST_FILE = "Simpy Note/Info.plist";
				INFOPLIST_KEY_UIApplicationSupportsIndirectInputEvents = YES;
				INFOPLIST_KEY_UILaunchStoryboardName = LaunchScreen;
				INFOPLIST_KEY_UIMainStoryboardFile = Main;
				INFOPLIST_KEY_UISupportedInterfaceOrientations_iPad = "UIInterfaceOrientationPortrait UIInterfaceOrientationPortraitUpsideDown UIInterfaceOrientationLandscapeLeft UIInterfaceOrientationLandscapeRight";
				INFOPLIST_KEY_UISupportedInterfaceOrientations_iPhone = "UIInterfaceOrientationPortrait UIInterfaceOrientationLandscapeLeft UIInterfaceOrientationLandscapeRight";
				LD_RUNPATH_SEARCH_PATHS = (
					"$(inherited)",
					"@executable_path/Frameworks",
				);
				MARKETING_VERSION = 1.0;
				PRODUCT_BUNDLE_IDENTIFIER = "com.kpe.Simpy-Note";
				PRODUCT_NAME = "$(TARGET_NAME)";
				SWIFT_EMIT_LOC_STRINGS = YES;
				SWIFT_VERSION = 5.0;
				TARGETED_DEVICE_FAMILY = "1,2";
			};
			name = Debug;
		};
		F725E33029BDB6B4006489DC /* Release */ = {
			isa = XCBuildConfiguration;
			baseConfigurationReference = 8794AABDF0D682CE7ED22E8F /* Pods-Simpy Note.release.xcconfig */;
			buildSettings = {
				ASSETCATALOG_COMPILER_APPICON_NAME = AppIcon;
				ASSETCATALOG_COMPILER_GLOBAL_ACCENT_COLOR_NAME = AccentColor;
				CODE_SIGN_STYLE = Automatic;
				CURRENT_PROJECT_VERSION = 1;
				DEVELOPMENT_TEAM = 26823257QR;
				GENERATE_INFOPLIST_FILE = YES;
				INFOPLIST_FILE = "Simpy Note/Info.plist";
				INFOPLIST_KEY_UIApplicationSupportsIndirectInputEvents = YES;
				INFOPLIST_KEY_UILaunchStoryboardName = LaunchScreen;
				INFOPLIST_KEY_UIMainStoryboardFile = Main;
				INFOPLIST_KEY_UISupportedInterfaceOrientations_iPad = "UIInterfaceOrientationPortrait UIInterfaceOrientationPortraitUpsideDown UIInterfaceOrientationLandscapeLeft UIInterfaceOrientationLandscapeRight";
				INFOPLIST_KEY_UISupportedInterfaceOrientations_iPhone = "UIInterfaceOrientationPortrait UIInterfaceOrientationLandscapeLeft UIInterfaceOrientationLandscapeRight";
				LD_RUNPATH_SEARCH_PATHS = (
					"$(inherited)",
					"@executable_path/Frameworks",
				);
				MARKETING_VERSION = 1.0;
				PRODUCT_BUNDLE_IDENTIFIER = "com.kpe.Simpy-Note";
				PRODUCT_NAME = "$(TARGET_NAME)";
				SWIFT_EMIT_LOC_STRINGS = YES;
				SWIFT_VERSION = 5.0;
				TARGETED_DEVICE_FAMILY = "1,2";
			};
			name = Release;
		};
/* End XCBuildConfiguration section */

/* Begin XCConfigurationList section */
		F725E31229BDB6B3006489DC /* Build configuration list for PBXProject "Simpy Note" */ = {
			isa = XCConfigurationList;
			buildConfigurations = (
				F725E32C29BDB6B4006489DC /* Debug */,
				F725E32D29BDB6B4006489DC /* Release */,
			);
			defaultConfigurationIsVisible = 0;
			defaultConfigurationName = Release;
		};
		F725E32E29BDB6B4006489DC /* Build configuration list for PBXNativeTarget "Simpy Note" */ = {
			isa = XCConfigurationList;
			buildConfigurations = (
				F725E32F29BDB6B4006489DC /* Debug */,
				F725E33029BDB6B4006489DC /* Release */,
			);
			defaultConfigurationIsVisible = 0;
			defaultConfigurationName = Release;
		};
/* End XCConfigurationList section */

/* Begin XCVersionGroup section */
		F725E32329BDB6B3006489DC /* Simpy_Note.xcdatamodeld */ = {
			isa = XCVersionGroup;
			children = (
				F725E32429BDB6B3006489DC /* Simpy_Note.xcdatamodel */,
			);
			currentVersion = F725E32429BDB6B3006489DC /* Simpy_Note.xcdatamodel */;
			path = Simpy_Note.xcdatamodeld;
			sourceTree = "<group>";
			versionGroupType = wrapper.xcdatamodel;
		};
/* End XCVersionGroup section */
	};
	rootObject = F725E30F29BDB6B3006489DC /* Project object */;
}
